
Microsoft Visual Studio Solution File, Format Version 12.00
# Visual Studio Version 17
VisualStudioVersion = 17.9.34723.18
MinimumVisualStudioVersion = 10.0.40219.1
Project("{8BC9CEB8-8B4A-11D0-8D11-00A0C91BC942}") = "B1189", "B1189\B1189.vcxproj", "{6B3B9D83-D6B5-4EDE-9D2C-C679E5D5A6FD}"
EndProject
Project("{8BC9CEB8-8B4A-11D0-8D11-00A0C91BC942}") = "B1987", "B1987\B1987.vcxproj", "{5F15C09D-565A-4299-A48F-2D56EBBEA657}"
EndProject
Project("{8BC9CEB8-8B4A-11D0-8D11-00A0C91BC942}") = "B2529", "B2529\B2529.vcxproj", "{24EE5C95-0D03-409A-8C7A-4967C2F33097}"
EndProject
Project("{8BC9CEB8-8B4A-11D0-8D11-00A0C91BC942}") = "B9934", "B9934\B9934.vcxproj", "{C7C62F90-E5F1-4E0A-B789-A10449427A66}"
EndProject
Project("{8BC9CEB8-8B4A-11D0-8D11-00A0C91BC942}") = "B14620", "B14620\B14620.vcxproj", "{BF5E13A7-292A-4903-BECE-D7D85FCBDA58}"
EndProject
Project("{8BC9CEB8-8B4A-11D0-8D11-00A0C91BC942}") = "B15684", "B15684\B15684.vcxproj", "{31DBAE90-0833-45C3-BF4B-A3D400DF66DC}"
EndProject
Project("{8BC9CEB8-8B4A-11D0-8D11-00A0C91BC942}") = "Next", "Next\Next.vcxproj", "{B4B78E97-6BB6-4A34-9D1B-10C260D29873}"
EndProject
Project("{8BC9CEB8-8B4A-11D0-8D11-00A0C91BC942}") = "B15686", "B15686\B15686.vcxproj", "{0E9DF8A0-780F-4461-9878-B5A74EAE968E}"
EndProject
Project("{8BC9CEB8-8B4A-11D0-8D11-00A0C91BC942}") = "B2589", "B2589\B2589.vcxproj", "{18F58BF5-0881-4F32-AD5E-543E621DA112}"
EndProject
Project("{8BC9CEB8-8B4A-11D0-8D11-00A0C91BC942}") = "B16234", "B16234\B16234.vcxproj", "{FF850238-5908-47FD-953C-2E50363AD7BD}"
EndProject
Project("{8BC9CEB8-8B4A-11D0-8D11-00A0C91BC942}") = "B4179", "B4179\B4179.vcxproj", "{76BC6D41-7525-4E84-A123-E13065609883}"
EndProject
Project("{8BC9CEB8-8B4A-11D0-8D11-00A0C91BC942}") = "B12869", "B12869\B12869.vcxproj", "{30E74A55-ECB3-4218-B066-0CD312D8EF63}"
EndProject
Project("{8BC9CEB8-8B4A-11D0-8D11-00A0C91BC942}") = "B16637", "B16637\B16637.vcxproj", "{D6765891-1D71-4AE0-B533-AFDA15873403}"
EndProject
Project("{8BC9CEB8-8B4A-11D0-8D11-00A0C91BC942}") = "B13913", "B13913\B13913.vcxproj", "{2D883A75-4C5D-4392-B6F1-75E04129179F}"
EndProject
Project("{8BC9CEB8-8B4A-11D0-8D11-00A0C91BC942}") = "B17071", "B17071\B17071.vcxproj", "{CF201F89-734B-4C79-88E6-E23F9BB7290E}"
EndProject
Global
	GlobalSection(SolutionConfigurationPlatforms) = preSolution
		Debug|x64 = Debug|x64
		Debug|x86 = Debug|x86
		Release|x64 = Release|x64
		Release|x86 = Release|x86
	EndGlobalSection
	GlobalSection(ProjectConfigurationPlatforms) = postSolution
		{6B3B9D83-D6B5-4EDE-9D2C-C679E5D5A6FD}.Debug|x64.ActiveCfg = Debug|x64
		{6B3B9D83-D6B5-4EDE-9D2C-C679E5D5A6FD}.Debug|x64.Build.0 = Debug|x64
		{6B3B9D83-D6B5-4EDE-9D2C-C679E5D5A6FD}.Debug|x86.ActiveCfg = Debug|Win32
		{6B3B9D83-D6B5-4EDE-9D2C-C679E5D5A6FD}.Debug|x86.Build.0 = Debug|Win32
		{6B3B9D83-D6B5-4EDE-9D2C-C679E5D5A6FD}.Release|x64.ActiveCfg = Release|x64
		{6B3B9D83-D6B5-4EDE-9D2C-C679E5D5A6FD}.Release|x64.Build.0 = Release|x64
		{6B3B9D83-D6B5-4EDE-9D2C-C679E5D5A6FD}.Release|x86.ActiveCfg = Release|Win32
		{6B3B9D83-D6B5-4EDE-9D2C-C679E5D5A6FD}.Release|x86.Build.0 = Release|Win32
		{5F15C09D-565A-4299-A48F-2D56EBBEA657}.Debug|x64.ActiveCfg = Debug|x64
		{5F15C09D-565A-4299-A48F-2D56EBBEA657}.Debug|x64.Build.0 = Debug|x64
		{5F15C09D-565A-4299-A48F-2D56EBBEA657}.Debug|x86.ActiveCfg = Debug|Win32
		{5F15C09D-565A-4299-A48F-2D56EBBEA657}.Debug|x86.Build.0 = Debug|Win32
		{5F15C09D-565A-4299-A48F-2D56EBBEA657}.Release|x64.ActiveCfg = Release|x64
		{5F15C09D-565A-4299-A48F-2D56EBBEA657}.Release|x64.Build.0 = Release|x64
		{5F15C09D-565A-4299-A48F-2D56EBBEA657}.Release|x86.ActiveCfg = Release|Win32
		{5F15C09D-565A-4299-A48F-2D56EBBEA657}.Release|x86.Build.0 = Release|Win32
		{24EE5C95-0D03-409A-8C7A-4967C2F33097}.Debug|x64.ActiveCfg = Debug|x64
		{24EE5C95-0D03-409A-8C7A-4967C2F33097}.Debug|x64.Build.0 = Debug|x64
		{24EE5C95-0D03-409A-8C7A-4967C2F33097}.Debug|x86.ActiveCfg = Debug|Win32
		{24EE5C95-0D03-409A-8C7A-4967C2F33097}.Debug|x86.Build.0 = Debug|Win32
		{24EE5C95-0D03-409A-8C7A-4967C2F33097}.Release|x64.ActiveCfg = Release|x64
		{24EE5C95-0D03-409A-8C7A-4967C2F33097}.Release|x64.Build.0 = Release|x64
		{24EE5C95-0D03-409A-8C7A-4967C2F33097}.Release|x86.ActiveCfg = Release|Win32
		{24EE5C95-0D03-409A-8C7A-4967C2F33097}.Release|x86.Build.0 = Release|Win32
		{C7C62F90-E5F1-4E0A-B789-A10449427A66}.Debug|x64.ActiveCfg = Debug|x64
		{C7C62F90-E5F1-4E0A-B789-A10449427A66}.Debug|x64.Build.0 = Debug|x64
		{C7C62F90-E5F1-4E0A-B789-A10449427A66}.Debug|x86.ActiveCfg = Debug|Win32
		{C7C62F90-E5F1-4E0A-B789-A10449427A66}.Debug|x86.Build.0 = Debug|Win32
		{C7C62F90-E5F1-4E0A-B789-A10449427A66}.Release|x64.ActiveCfg = Release|x64
		{C7C62F90-E5F1-4E0A-B789-A10449427A66}.Release|x64.Build.0 = Release|x64
		{C7C62F90-E5F1-4E0A-B789-A10449427A66}.Release|x86.ActiveCfg = Release|Win32
		{C7C62F90-E5F1-4E0A-B789-A10449427A66}.Release|x86.Build.0 = Release|Win32
		{BF5E13A7-292A-4903-BECE-D7D85FCBDA58}.Debug|x64.ActiveCfg = Debug|x64
		{BF5E13A7-292A-4903-BECE-D7D85FCBDA58}.Debug|x64.Build.0 = Debug|x64
		{BF5E13A7-292A-4903-BECE-D7D85FCBDA58}.Debug|x86.ActiveCfg = Debug|Win32
		{BF5E13A7-292A-4903-BECE-D7D85FCBDA58}.Debug|x86.Build.0 = Debug|Win32
		{BF5E13A7-292A-4903-BECE-D7D85FCBDA58}.Release|x64.ActiveCfg = Release|x64
		{BF5E13A7-292A-4903-BECE-D7D85FCBDA58}.Release|x64.Build.0 = Release|x64
		{BF5E13A7-292A-4903-BECE-D7D85FCBDA58}.Release|x86.ActiveCfg = Release|Win32
		{BF5E13A7-292A-4903-BECE-D7D85FCBDA58}.Release|x86.Build.0 = Release|Win32
		{31DBAE90-0833-45C3-BF4B-A3D400DF66DC}.Debug|x64.ActiveCfg = Debug|x64
		{31DBAE90-0833-45C3-BF4B-A3D400DF66DC}.Debug|x64.Build.0 = Debug|x64
		{31DBAE90-0833-45C3-BF4B-A3D400DF66DC}.Debug|x86.ActiveCfg = Debug|Win32
		{31DBAE90-0833-45C3-BF4B-A3D400DF66DC}.Debug|x86.Build.0 = Debug|Win32
		{31DBAE90-0833-45C3-BF4B-A3D400DF66DC}.Release|x64.ActiveCfg = Release|x64
		{31DBAE90-0833-45C3-BF4B-A3D400DF66DC}.Release|x64.Build.0 = Release|x64
		{31DBAE90-0833-45C3-BF4B-A3D400DF66DC}.Release|x86.ActiveCfg = Release|Win32
		{31DBAE90-0833-45C3-BF4B-A3D400DF66DC}.Release|x86.Build.0 = Release|Win32
		{B4B78E97-6BB6-4A34-9D1B-10C260D29873}.Debug|x64.ActiveCfg = Debug|x64
		{B4B78E97-6BB6-4A34-9D1B-10C260D29873}.Debug|x64.Build.0 = Debug|x64
		{B4B78E97-6BB6-4A34-9D1B-10C260D29873}.Debug|x86.ActiveCfg = Debug|Win32
		{B4B78E97-6BB6-4A34-9D1B-10C260D29873}.Debug|x86.Build.0 = Debug|Win32
		{B4B78E97-6BB6-4A34-9D1B-10C260D29873}.Release|x64.ActiveCfg = Release|x64
		{B4B78E97-6BB6-4A34-9D1B-10C260D29873}.Release|x64.Build.0 = Release|x64
		{B4B78E97-6BB6-4A34-9D1B-10C260D29873}.Release|x86.ActiveCfg = Release|Win32
		{B4B78E97-6BB6-4A34-9D1B-10C260D29873}.Release|x86.Build.0 = Release|Win32
		{0E9DF8A0-780F-4461-9878-B5A74EAE968E}.Debug|x64.ActiveCfg = Debug|x64
		{0E9DF8A0-780F-4461-9878-B5A74EAE968E}.Debug|x64.Build.0 = Debug|x64
		{0E9DF8A0-780F-4461-9878-B5A74EAE968E}.Debug|x86.ActiveCfg = Debug|Win32
		{0E9DF8A0-780F-4461-9878-B5A74EAE968E}.Debug|x86.Build.0 = Debug|Win32
		{0E9DF8A0-780F-4461-9878-B5A74EAE968E}.Release|x64.ActiveCfg = Release|x64
		{0E9DF8A0-780F-4461-9878-B5A74EAE968E}.Release|x64.Build.0 = Release|x64
		{0E9DF8A0-780F-4461-9878-B5A74EAE968E}.Release|x86.ActiveCfg = Release|Win32
		{0E9DF8A0-780F-4461-9878-B5A74EAE968E}.Release|x86.Build.0 = Release|Win32
		{18F58BF5-0881-4F32-AD5E-543E621DA112}.Debug|x64.ActiveCfg = Debug|x64
		{18F58BF5-0881-4F32-AD5E-543E621DA112}.Debug|x64.Build.0 = Debug|x64
		{18F58BF5-0881-4F32-AD5E-543E621DA112}.Debug|x86.ActiveCfg = Debug|Win32
		{18F58BF5-0881-4F32-AD5E-543E621DA112}.Debug|x86.Build.0 = Debug|Win32
		{18F58BF5-0881-4F32-AD5E-543E621DA112}.Release|x64.ActiveCfg = Release|x64
		{18F58BF5-0881-4F32-AD5E-543E621DA112}.Release|x64.Build.0 = Release|x64
		{18F58BF5-0881-4F32-AD5E-543E621DA112}.Release|x86.ActiveCfg = Release|Win32
		{18F58BF5-0881-4F32-AD5E-543E621DA112}.Release|x86.Build.0 = Release|Win32
		{FF850238-5908-47FD-953C-2E50363AD7BD}.Debug|x64.ActiveCfg = Debug|x64
		{FF850238-5908-47FD-953C-2E50363AD7BD}.Debug|x64.Build.0 = Debug|x64
		{FF850238-5908-47FD-953C-2E50363AD7BD}.Debug|x86.ActiveCfg = Debug|Win32
		{FF850238-5908-47FD-953C-2E50363AD7BD}.Debug|x86.Build.0 = Debug|Win32
		{FF850238-5908-47FD-953C-2E50363AD7BD}.Release|x64.ActiveCfg = Release|x64
		{FF850238-5908-47FD-953C-2E50363AD7BD}.Release|x64.Build.0 = Release|x64
		{FF850238-5908-47FD-953C-2E50363AD7BD}.Release|x86.ActiveCfg = Release|Win32
		{FF850238-5908-47FD-953C-2E50363AD7BD}.Release|x86.Build.0 = Release|Win32
		{76BC6D41-7525-4E84-A123-E13065609883}.Debug|x64.ActiveCfg = Debug|x64
		{76BC6D41-7525-4E84-A123-E13065609883}.Debug|x64.Build.0 = Debug|x64
		{76BC6D41-7525-4E84-A123-E13065609883}.Debug|x86.ActiveCfg = Debug|Win32
		{76BC6D41-7525-4E84-A123-E13065609883}.Debug|x86.Build.0 = Debug|Win32
		{76BC6D41-7525-4E84-A123-E13065609883}.Release|x64.ActiveCfg = Release|x64
		{76BC6D41-7525-4E84-A123-E13065609883}.Release|x64.Build.0 = Release|x64
		{76BC6D41-7525-4E84-A123-E13065609883}.Release|x86.ActiveCfg = Release|Win32
		{76BC6D41-7525-4E84-A123-E13065609883}.Release|x86.Build.0 = Release|Win32
		{30E74A55-ECB3-4218-B066-0CD312D8EF63}.Debug|x64.ActiveCfg = Debug|x64
		{30E74A55-ECB3-4218-B066-0CD312D8EF63}.Debug|x64.Build.0 = Debug|x64
		{30E74A55-ECB3-4218-B066-0CD312D8EF63}.Debug|x86.ActiveCfg = Debug|Win32
		{30E74A55-ECB3-4218-B066-0CD312D8EF63}.Debug|x86.Build.0 = Debug|Win32
		{30E74A55-ECB3-4218-B066-0CD312D8EF63}.Release|x64.ActiveCfg = Release|x64
		{30E74A55-ECB3-4218-B066-0CD312D8EF63}.Release|x64.Build.0 = Release|x64
		{30E74A55-ECB3-4218-B066-0CD312D8EF63}.Release|x86.ActiveCfg = Release|Win32
		{30E74A55-ECB3-4218-B066-0CD312D8EF63}.Release|x86.Build.0 = Release|Win32
		{D6765891-1D71-4AE0-B533-AFDA15873403}.Debug|x64.ActiveCfg = Debug|x64
		{D6765891-1D71-4AE0-B533-AFDA15873403}.Debug|x64.Build.0 = Debug|x64
		{D6765891-1D71-4AE0-B533-AFDA15873403}.Debug|x86.ActiveCfg = Debug|Win32
		{D6765891-1D71-4AE0-B533-AFDA15873403}.Debug|x86.Build.0 = Debug|Win32
		{D6765891-1D71-4AE0-B533-AFDA15873403}.Release|x64.ActiveCfg = Release|x64
		{D6765891-1D71-4AE0-B533-AFDA15873403}.Release|x64.Build.0 = Release|x64
		{D6765891-1D71-4AE0-B533-AFDA15873403}.Release|x86.ActiveCfg = Release|Win32
		{D6765891-1D71-4AE0-B533-AFDA15873403}.Release|x86.Build.0 = Release|Win32
		{2D883A75-4C5D-4392-B6F1-75E04129179F}.Debug|x64.ActiveCfg = Debug|x64
		{2D883A75-4C5D-4392-B6F1-75E04129179F}.Debug|x64.Build.0 = Debug|x64
		{2D883A75-4C5D-4392-B6F1-75E04129179F}.Debug|x86.ActiveCfg = Debug|Win32
		{2D883A75-4C5D-4392-B6F1-75E04129179F}.Debug|x86.Build.0 = Debug|Win32
		{2D883A75-4C5D-4392-B6F1-75E04129179F}.Release|x64.ActiveCfg = Release|x64
		{2D883A75-4C5D-4392-B6F1-75E04129179F}.Release|x64.Build.0 = Release|x64
		{2D883A75-4C5D-4392-B6F1-75E04129179F}.Release|x86.ActiveCfg = Release|Win32
		{2D883A75-4C5D-4392-B6F1-75E04129179F}.Release|x86.Build.0 = Release|Win32
		{CF201F89-734B-4C79-88E6-E23F9BB7290E}.Debug|x64.ActiveCfg = Debug|x64
		{CF201F89-734B-4C79-88E6-E23F9BB7290E}.Debug|x64.Build.0 = Debug|x64
		{CF201F89-734B-4C79-88E6-E23F9BB7290E}.Debug|x86.ActiveCfg = Debug|Win32
		{CF201F89-734B-4C79-88E6-E23F9BB7290E}.Debug|x86.Build.0 = Debug|Win32
		{CF201F89-734B-4C79-88E6-E23F9BB7290E}.Release|x64.ActiveCfg = Release|x64
		{CF201F89-734B-4C79-88E6-E23F9BB7290E}.Release|x64.Build.0 = Release|x64
		{CF201F89-734B-4C79-88E6-E23F9BB7290E}.Release|x86.ActiveCfg = Release|Win32
		{CF201F89-734B-4C79-88E6-E23F9BB7290E}.Release|x86.Build.0 = Release|Win32
	EndGlobalSection
	GlobalSection(SolutionProperties) = preSolution
		HideSolutionNode = FALSE
	EndGlobalSection
	GlobalSection(ExtensibilityGlobals) = postSolution
		SolutionGuid = {4009ABAA-6CC1-4114-B416-722A73AA388C}
	EndGlobalSection
EndGlobal
