
Microsoft Visual Studio Solution File, Format Version 12.00
# Visual Studio Version 17
VisualStudioVersion = 17.9.34723.18
MinimumVisualStudioVersion = 10.0.40219.1
Project("{8BC9CEB8-8B4A-11D0-8D11-00A0C91BC942}") = "B1189", "B1189\B1189.vcxproj", "{6B3B9D83-D6B5-4EDE-9D2C-C679E5D5A6FD}"
EndProject
Project("{8BC9CEB8-8B4A-11D0-8D11-00A0C91BC942}") = "B1987", "B1987\B1987.vcxproj", "{5F15C09D-565A-4299-A48F-2D56EBBEA657}"
EndProject
Project("{8BC9CEB8-8B4A-11D0-8D11-00A0C91BC942}") = "B2529", "B2529\B2529.vcxproj", "{24EE5C95-0D03-409A-8C7A-4967C2F33097}"
EndProject
Project("{8BC9CEB8-8B4A-11D0-8D11-00A0C91BC942}") = "B9934", "B9934\B9934.vcxproj", "{C7C62F90-E5F1-4E0A-B789-A10449427A66}"
EndProject
Project("{8BC9CEB8-8B4A-11D0-8D11-00A0C91BC942}") = "B14620", "B14620\B14620.vcxproj", "{BF5E13A7-292A-4903-BECE-D7D85FCBDA58}"
EndProject
Project("{8BC9CEB8-8B4A-11D0-8D11-00A0C91BC942}") = "B15684", "B15684\B15684.vcxproj", "{31DBAE90-0833-45C3-BF4B-A3D400DF66DC}"
EndProject
Project("{8BC9CEB8-8B4A-11D0-8D11-00A0C91BC942}") = "Next", "Next\Next.vcxproj", "{B4B78E97-6BB6-4A34-9D1B-10C260D29873}"
EndProject
Global
	GlobalSection(SolutionConfigurationPlatforms) = preSolution
		Debug|x64 = Debug|x64
		Debug|x86 = Debug|x86
		Release|x64 = Release|x64
		Release|x86 = Release|x86
	EndGlobalSection
	GlobalSection(ProjectConfigurationPlatforms) = postSolution
		{6B3B9D83-D6B5-4EDE-9D2C-C679E5D5A6FD}.Debug|x64.ActiveCfg = Debug|x64
		{6B3B9D83-D6B5-4EDE-9D2C-C679E5D5A6FD}.Debug|x64.Build.0 = Debug|x64
		{6B3B9D83-D6B5-4EDE-9D2C-C679E5D5A6FD}.Debug|x86.ActiveCfg = Debug|Win32
		{6B3B9D83-D6B5-4EDE-9D2C-C679E5D5A6FD}.Debug|x86.Build.0 = Debug|Win32
		{6B3B9D83-D6B5-4EDE-9D2C-C679E5D5A6FD}.Release|x64.ActiveCfg = Release|x64
		{6B3B9D83-D6B5-4EDE-9D2C-C679E5D5A6FD}.Release|x64.Build.0 = Release|x64
		{6B3B9D83-D6B5-4EDE-9D2C-C679E5D5A6FD}.Release|x86.ActiveCfg = Release|Win32
		{6B3B9D83-D6B5-4EDE-9D2C-C679E5D5A6FD}.Release|x86.Build.0 = Release|Win32
		{5F15C09D-565A-4299-A48F-2D56EBBEA657}.Debug|x64.ActiveCfg = Debug|x64
		{5F15C09D-565A-4299-A48F-2D56EBBEA657}.Debug|x64.Build.0 = Debug|x64
		{5F15C09D-565A-4299-A48F-2D56EBBEA657}.Debug|x86.ActiveCfg = Debug|Win32
		{5F15C09D-565A-4299-A48F-2D56EBBEA657}.Debug|x86.Build.0 = Debug|Win32
		{5F15C09D-565A-4299-A48F-2D56EBBEA657}.Release|x64.ActiveCfg = Release|x64
		{5F15C09D-565A-4299-A48F-2D56EBBEA657}.Release|x64.Build.0 = Release|x64
		{5F15C09D-565A-4299-A48F-2D56EBBEA657}.Release|x86.ActiveCfg = Release|Win32
		{5F15C09D-565A-4299-A48F-2D56EBBEA657}.Release|x86.Build.0 = Release|Win32
		{24EE5C95-0D03-409A-8C7A-4967C2F33097}.Debug|x64.ActiveCfg = Debug|x64
		{24EE5C95-0D03-409A-8C7A-4967C2F33097}.Debug|x64.Build.0 = Debug|x64
		{24EE5C95-0D03-409A-8C7A-4967C2F33097}.Debug|x86.ActiveCfg = Debug|Win32
		{24EE5C95-0D03-409A-8C7A-4967C2F33097}.Debug|x86.Build.0 = Debug|Win32
		{24EE5C95-0D03-409A-8C7A-4967C2F33097}.Release|x64.ActiveCfg = Release|x64
		{24EE5C95-0D03-409A-8C7A-4967C2F33097}.Release|x64.Build.0 = Release|x64
		{24EE5C95-0D03-409A-8C7A-4967C2F33097}.Release|x86.ActiveCfg = Release|Win32
		{24EE5C95-0D03-409A-8C7A-4967C2F33097}.Release|x86.Build.0 = Release|Win32
		{C7C62F90-E5F1-4E0A-B789-A10449427A66}.Debug|x64.ActiveCfg = Debug|x64
		{C7C62F90-E5F1-4E0A-B789-A10449427A66}.Debug|x64.Build.0 = Debug|x64
		{C7C62F90-E5F1-4E0A-B789-A10449427A66}.Debug|x86.ActiveCfg = Debug|Win32
		{C7C62F90-E5F1-4E0A-B789-A10449427A66}.Debug|x86.Build.0 = Debug|Win32
		{C7C62F90-E5F1-4E0A-B789-A10449427A66}.Release|x64.ActiveCfg = Release|x64
		{C7C62F90-E5F1-4E0A-B789-A10449427A66}.Release|x64.Build.0 = Release|x64
		{C7C62F90-E5F1-4E0A-B789-A10449427A66}.Release|x86.ActiveCfg = Release|Win32
		{C7C62F90-E5F1-4E0A-B789-A10449427A66}.Release|x86.Build.0 = Release|Win32
		{BF5E13A7-292A-4903-BECE-D7D85FCBDA58}.Debug|x64.ActiveCfg = Debug|x64
		{BF5E13A7-292A-4903-BECE-D7D85FCBDA58}.Debug|x64.Build.0 = Debug|x64
		{BF5E13A7-292A-4903-BECE-D7D85FCBDA58}.Debug|x86.ActiveCfg = Debug|Win32
		{BF5E13A7-292A-4903-BECE-D7D85FCBDA58}.Debug|x86.Build.0 = Debug|Win32
		{BF5E13A7-292A-4903-BECE-D7D85FCBDA58}.Release|x64.ActiveCfg = Release|x64
		{BF5E13A7-292A-4903-BECE-D7D85FCBDA58}.Release|x64.Build.0 = Release|x64
		{BF5E13A7-292A-4903-BECE-D7D85FCBDA58}.Release|x86.ActiveCfg = Release|Win32
		{BF5E13A7-292A-4903-BECE-D7D85FCBDA58}.Release|x86.Build.0 = Release|Win32
		{31DBAE90-0833-45C3-BF4B-A3D400DF66DC}.Debug|x64.ActiveCfg = Debug|x64
		{31DBAE90-0833-45C3-BF4B-A3D400DF66DC}.Debug|x64.Build.0 = Debug|x64
		{31DBAE90-0833-45C3-BF4B-A3D400DF66DC}.Debug|x86.ActiveCfg = Debug|Win32
		{31DBAE90-0833-45C3-BF4B-A3D400DF66DC}.Debug|x86.Build.0 = Debug|Win32
		{31DBAE90-0833-45C3-BF4B-A3D400DF66DC}.Release|x64.ActiveCfg = Release|x64
		{31DBAE90-0833-45C3-BF4B-A3D400DF66DC}.Release|x64.Build.0 = Release|x64
		{31DBAE90-0833-45C3-BF4B-A3D400DF66DC}.Release|x86.ActiveCfg = Release|Win32
		{31DBAE90-0833-45C3-BF4B-A3D400DF66DC}.Release|x86.Build.0 = Release|Win32
		{B4B78E97-6BB6-4A34-9D1B-10C260D29873}.Debug|x64.ActiveCfg = Debug|x64
		{B4B78E97-6BB6-4A34-9D1B-10C260D29873}.Debug|x64.Build.0 = Debug|x64
		{B4B78E97-6BB6-4A34-9D1B-10C260D29873}.Debug|x86.ActiveCfg = Debug|Win32
		{B4B78E97-6BB6-4A34-9D1B-10C260D29873}.Debug|x86.Build.0 = Debug|Win32
		{B4B78E97-6BB6-4A34-9D1B-10C260D29873}.Release|x64.ActiveCfg = Release|x64
		{B4B78E97-6BB6-4A34-9D1B-10C260D29873}.Release|x64.Build.0 = Release|x64
		{B4B78E97-6BB6-4A34-9D1B-10C260D29873}.Release|x86.ActiveCfg = Release|Win32
		{B4B78E97-6BB6-4A34-9D1B-10C260D29873}.Release|x86.Build.0 = Release|Win32
	EndGlobalSection
	GlobalSection(SolutionProperties) = preSolution
		HideSolutionNode = FALSE
	EndGlobalSection
	GlobalSection(ExtensibilityGlobals) = postSolution
		SolutionGuid = {4009ABAA-6CC1-4114-B416-722A73AA388C}
	EndGlobalSection
EndGlobal
